
Microsoft Visual Studio Solution File, Format Version 12.00
# Visual Studio Version 17
VisualStudioVersion = 17.9.34607.119
MinimumVisualStudioVersion = 10.0.40219.1
Project("{9A19103F-16F7-4668-BE54-9A1E7A4F7556}") = "Core.Application", "Core.Application\Core.Application.csproj", "{62125E4A-6990-4416-BC3F-CB2302BAF883}"
EndProject
Project("{9A19103F-16F7-4668-BE54-9A1E7A4F7556}") = "Core.CrossCuttingConcerns", "Core.CrossCuttingConcerns\Core.CrossCuttingConcerns.csproj", "{CF4EE916-CB78-4415-861E-8DC27690F709}"
EndProject
Project("{9A19103F-16F7-4668-BE54-9A1E7A4F7556}") = "Core.Security", "Core.Security\Core.Security.csproj", "{0DBF2BE7-F43B-47DF-8D84-1A440C258F42}"
EndProject
Project("{9A19103F-16F7-4668-BE54-9A1E7A4F7556}") = "Core.Persistence", "Core.Persistence\Core.Persistence.csproj", "{9EEBD9CE-CD9B-41AE-B17D-4974A8D5C05D}"
EndProject
Global
	GlobalSection(SolutionConfigurationPlatforms) = preSolution
		Debug|Any CPU = Debug|Any CPU
		Release|Any CPU = Release|Any CPU
	EndGlobalSection
	GlobalSection(ProjectConfigurationPlatforms) = postSolution
		{62125E4A-6990-4416-BC3F-CB2302BAF883}.Debug|Any CPU.ActiveCfg = Debug|Any CPU
		{62125E4A-6990-4416-BC3F-CB2302BAF883}.Debug|Any CPU.Build.0 = Debug|Any CPU
		{62125E4A-6990-4416-BC3F-CB2302BAF883}.Release|Any CPU.ActiveCfg = Release|Any CPU
		{62125E4A-6990-4416-BC3F-CB2302BAF883}.Release|Any CPU.Build.0 = Release|Any CPU
		{CF4EE916-CB78-4415-861E-8DC27690F709}.Debug|Any CPU.ActiveCfg = Debug|Any CPU
		{CF4EE916-CB78-4415-861E-8DC27690F709}.Debug|Any CPU.Build.0 = Debug|Any CPU
		{CF4EE916-CB78-4415-861E-8DC27690F709}.Release|Any CPU.ActiveCfg = Release|Any CPU
		{CF4EE916-CB78-4415-861E-8DC27690F709}.Release|Any CPU.Build.0 = Release|Any CPU
		{0DBF2BE7-F43B-47DF-8D84-1A440C258F42}.Debug|Any CPU.ActiveCfg = Debug|Any CPU
		{0DBF2BE7-F43B-47DF-8D84-1A440C258F42}.Debug|Any CPU.Build.0 = Debug|Any CPU
		{0DBF2BE7-F43B-47DF-8D84-1A440C258F42}.Release|Any CPU.ActiveCfg = Release|Any CPU
		{0DBF2BE7-F43B-47DF-8D84-1A440C258F42}.Release|Any CPU.Build.0 = Release|Any CPU
		{9EEBD9CE-CD9B-41AE-B17D-4974A8D5C05D}.Debug|Any CPU.ActiveCfg = Debug|Any CPU
		{9EEBD9CE-CD9B-41AE-B17D-4974A8D5C05D}.Debug|Any CPU.Build.0 = Debug|Any CPU
		{9EEBD9CE-CD9B-41AE-B17D-4974A8D5C05D}.Release|Any CPU.ActiveCfg = Release|Any CPU
		{9EEBD9CE-CD9B-41AE-B17D-4974A8D5C05D}.Release|Any CPU.Build.0 = Release|Any CPU
	EndGlobalSection
	GlobalSection(SolutionProperties) = preSolution
		HideSolutionNode = FALSE
	EndGlobalSection
	GlobalSection(ExtensibilityGlobals) = postSolution
		SolutionGuid = {D2D96FBD-AE92-4BEF-AF1E-5F6FDED4BFF1}
	EndGlobalSection
EndGlobal
